Microsoft Visual Studio Solution File, Format Version 12.00
# Visual Studio Version 17
VisualStudioVersion = 17.5.2.0
MinimumVisualStudioVersion = 10.0.40219.1
Project("{FAE04EC0-301F-11D3-BF4B-00C04F79EFBC}") = "RegrasDeNegocio", "RegrasDeNegocio.csproj", "{0512711F-C562-60C1-F40F-A7D89A8E7195}"
EndProject
Global
	GlobalSection(SolutionConfigurationPlatforms) = preSolution
		Debug|Any CPU = Debug|Any CPU
		Release|Any CPU = Release|Any CPU
	EndGlobalSection
	GlobalSection(ProjectConfigurationPlatforms) = postSolution
		{0512711F-C562-60C1-F40F-A7D89A8E7195}.Debug|Any CPU.ActiveCfg = Debug|Any CPU
		{0512711F-C562-60C1-F40F-A7D89A8E7195}.Debug|Any CPU.Build.0 = Debug|Any CPU
		{0512711F-C562-60C1-F40F-A7D89A8E7195}.Release|Any CPU.ActiveCfg = Release|Any CPU
		{0512711F-C562-60C1-F40F-A7D89A8E7195}.Release|Any CPU.Build.0 = Release|Any CPU
	EndGlobalSection
	GlobalSection(SolutionProperties) = preSolution
		HideSolutionNode = FALSE
	EndGlobalSection
	GlobalSection(ExtensibilityGlobals) = postSolution
		SolutionGuid = {1A93F21C-5052-4501-A4FF-E050B475DB0C}
	EndGlobalSection
EndGlobal
